
Microsoft Visual Studio Solution File, Format Version 12.00
# Visual Studio Version 17
VisualStudioVersion = 17.0.31903.59
MinimumVisualStudioVersion = 10.0.40219.1
Project("{FAE04EC0-301F-11D3-BF4B-00C04F79EFBC}") = "Web.API", "Web.API\Web.API.csproj", "{835B8B17-594F-4A24-8C72-7EC9D30925B1}"
EndProject
Project("{FAE04EC0-301F-11D3-BF4B-00C04F79EFBC}") = "Application", "Application\Application.csproj", "{AB8A1A18-B4FF-4DEE-994C-C8899E7689DB}"
EndProject
Project("{FAE04EC0-301F-11D3-BF4B-00C04F79EFBC}") = "Infrastructure", "Infrastructure\Infrastructure.csproj", "{482109CC-9AB4-4BAC-96DB-A595D8166B09}"
EndProject
Project("{FAE04EC0-301F-11D3-BF4B-00C04F79EFBC}") = "Domain", "Domain\Domain.csproj", "{09B64B15-D70E-481F-B486-BD5B5D16EBC5}"
EndProject
Global
	GlobalSection(SolutionConfigurationPlatforms) = preSolution
		Debug|Any CPU = Debug|Any CPU
		Release|Any CPU = Release|Any CPU
	EndGlobalSection
	GlobalSection(SolutionProperties) = preSolution
		HideSolutionNode = FALSE
	EndGlobalSection
	GlobalSection(ProjectConfigurationPlatforms) = postSolution
		{835B8B17-594F-4A24-8C72-7EC9D30925B1}.Debug|Any CPU.ActiveCfg = Debug|Any CPU
		{835B8B17-594F-4A24-8C72-7EC9D30925B1}.Debug|Any CPU.Build.0 = Debug|Any CPU
		{835B8B17-594F-4A24-8C72-7EC9D30925B1}.Release|Any CPU.ActiveCfg = Release|Any CPU
		{835B8B17-594F-4A24-8C72-7EC9D30925B1}.Release|Any CPU.Build.0 = Release|Any CPU
		{AB8A1A18-B4FF-4DEE-994C-C8899E7689DB}.Debug|Any CPU.ActiveCfg = Debug|Any CPU
		{AB8A1A18-B4FF-4DEE-994C-C8899E7689DB}.Debug|Any CPU.Build.0 = Debug|Any CPU
		{AB8A1A18-B4FF-4DEE-994C-C8899E7689DB}.Release|Any CPU.ActiveCfg = Release|Any CPU
		{AB8A1A18-B4FF-4DEE-994C-C8899E7689DB}.Release|Any CPU.Build.0 = Release|Any CPU
		{482109CC-9AB4-4BAC-96DB-A595D8166B09}.Debug|Any CPU.ActiveCfg = Debug|Any CPU
		{482109CC-9AB4-4BAC-96DB-A595D8166B09}.Debug|Any CPU.Build.0 = Debug|Any CPU
		{482109CC-9AB4-4BAC-96DB-A595D8166B09}.Release|Any CPU.ActiveCfg = Release|Any CPU
		{482109CC-9AB4-4BAC-96DB-A595D8166B09}.Release|Any CPU.Build.0 = Release|Any CPU
		{09B64B15-D70E-481F-B486-BD5B5D16EBC5}.Debug|Any CPU.ActiveCfg = Debug|Any CPU
		{09B64B15-D70E-481F-B486-BD5B5D16EBC5}.Debug|Any CPU.Build.0 = Debug|Any CPU
		{09B64B15-D70E-481F-B486-BD5B5D16EBC5}.Release|Any CPU.ActiveCfg = Release|Any CPU
		{09B64B15-D70E-481F-B486-BD5B5D16EBC5}.Release|Any CPU.Build.0 = Release|Any CPU
	EndGlobalSection
EndGlobal
